
Microsoft Visual Studio Solution File, Format Version 12.00
Project("{FAE04EC0-301F-11D3-BF4B-00C04F79EFBC}") = "chatServerApp", "chatServerApp\chatServerApp.csproj", "{BD6CDE02-021C-491A-81F3-A75E2A3B726C}"
EndProject
Project("{FAE04EC0-301F-11D3-BF4B-00C04F79EFBC}") = "chatServerAPI", "..\chatServerAPI\chatServerAPI\chatServerAPI.csproj", "{1A3B7FE3-42CB-4F6C-BD5D-FB540A94CE01}"
EndProject
Project("{FAE04EC0-301F-11D3-BF4B-00C04F79EFBC}") = "Domain", "..\Domain\Domain.csproj", "{9902A877-A73E-4052-867D-AECAC9B6858A}"
EndProject
Project("{FAE04EC0-301F-11D3-BF4B-00C04F79EFBC}") = "Repository", "..\Repository\Repository.csproj", "{835BA862-160D-4C2E-9248-8E689720964B}"
EndProject
Project("{FAE04EC0-301F-11D3-BF4B-00C04F79EFBC}") = "Services", "..\Services\Services.csproj", "{7990715C-75AB-4D32-B826-590448344FCE}"
EndProject
Global
	GlobalSection(SolutionConfigurationPlatforms) = preSolution
		Debug|Any CPU = Debug|Any CPU
		Release|Any CPU = Release|Any CPU
	EndGlobalSection
	GlobalSection(ProjectConfigurationPlatforms) = postSolution
		{BD6CDE02-021C-491A-81F3-A75E2A3B726C}.Debug|Any CPU.ActiveCfg = Debug|Any CPU
		{BD6CDE02-021C-491A-81F3-A75E2A3B726C}.Debug|Any CPU.Build.0 = Debug|Any CPU
		{BD6CDE02-021C-491A-81F3-A75E2A3B726C}.Release|Any CPU.ActiveCfg = Release|Any CPU
		{BD6CDE02-021C-491A-81F3-A75E2A3B726C}.Release|Any CPU.Build.0 = Release|Any CPU
		{1A3B7FE3-42CB-4F6C-BD5D-FB540A94CE01}.Debug|Any CPU.ActiveCfg = Debug|Any CPU
		{1A3B7FE3-42CB-4F6C-BD5D-FB540A94CE01}.Debug|Any CPU.Build.0 = Debug|Any CPU
		{1A3B7FE3-42CB-4F6C-BD5D-FB540A94CE01}.Release|Any CPU.ActiveCfg = Release|Any CPU
		{1A3B7FE3-42CB-4F6C-BD5D-FB540A94CE01}.Release|Any CPU.Build.0 = Release|Any CPU
		{9902A877-A73E-4052-867D-AECAC9B6858A}.Debug|Any CPU.ActiveCfg = Debug|Any CPU
		{9902A877-A73E-4052-867D-AECAC9B6858A}.Debug|Any CPU.Build.0 = Debug|Any CPU
		{9902A877-A73E-4052-867D-AECAC9B6858A}.Release|Any CPU.ActiveCfg = Release|Any CPU
		{9902A877-A73E-4052-867D-AECAC9B6858A}.Release|Any CPU.Build.0 = Release|Any CPU
		{835BA862-160D-4C2E-9248-8E689720964B}.Debug|Any CPU.ActiveCfg = Debug|Any CPU
		{835BA862-160D-4C2E-9248-8E689720964B}.Debug|Any CPU.Build.0 = Debug|Any CPU
		{835BA862-160D-4C2E-9248-8E689720964B}.Release|Any CPU.ActiveCfg = Release|Any CPU
		{835BA862-160D-4C2E-9248-8E689720964B}.Release|Any CPU.Build.0 = Release|Any CPU
		{7990715C-75AB-4D32-B826-590448344FCE}.Debug|Any CPU.ActiveCfg = Debug|Any CPU
		{7990715C-75AB-4D32-B826-590448344FCE}.Debug|Any CPU.Build.0 = Debug|Any CPU
		{7990715C-75AB-4D32-B826-590448344FCE}.Release|Any CPU.ActiveCfg = Release|Any CPU
		{7990715C-75AB-4D32-B826-590448344FCE}.Release|Any CPU.Build.0 = Release|Any CPU
	EndGlobalSection
EndGlobal
