
Microsoft Visual Studio Solution File, Format Version 12.00
Project("{FAE04EC0-301F-11D3-BF4B-00C04F79EFBC}") = "chatServerApp", "chatServerApp\chatServerApp.csproj", "{BD6CDE02-021C-491A-81F3-A75E2A3B726C}"
EndProject
Project("{FAE04EC0-301F-11D3-BF4B-00C04F79EFBC}") = "chatServerAPI", "chatServerAPI\chatServerAPI.csproj", "{36B0220B-6970-4C29-85DD-90221A03C442}"
EndProject
Project("{FAE04EC0-301F-11D3-BF4B-00C04F79EFBC}") = "Domain", "Domain\Domain.csproj", "{1893C7A4-E174-4BCB-A8D7-8BC21A6D3B01}"
EndProject
Project("{FAE04EC0-301F-11D3-BF4B-00C04F79EFBC}") = "Repository", "Repository\Repository.csproj", "{60B1A7FE-7700-4678-BBCF-452DE06B7E94}"
EndProject
Project("{FAE04EC0-301F-11D3-BF4B-00C04F79EFBC}") = "Services", "Services\Services.csproj", "{05D21AFB-07C9-46D4-9EDA-1EED798D5EAD}"
EndProject
Global
	GlobalSection(SolutionConfigurationPlatforms) = preSolution
		Debug|Any CPU = Debug|Any CPU
		Release|Any CPU = Release|Any CPU
	EndGlobalSection
	GlobalSection(ProjectConfigurationPlatforms) = postSolution
		{BD6CDE02-021C-491A-81F3-A75E2A3B726C}.Debug|Any CPU.ActiveCfg = Debug|Any CPU
		{BD6CDE02-021C-491A-81F3-A75E2A3B726C}.Debug|Any CPU.Build.0 = Debug|Any CPU
		{BD6CDE02-021C-491A-81F3-A75E2A3B726C}.Release|Any CPU.ActiveCfg = Release|Any CPU
		{BD6CDE02-021C-491A-81F3-A75E2A3B726C}.Release|Any CPU.Build.0 = Release|Any CPU
		{B4725DE1-59A5-43F4-B899-E5C4BC87C4B9}.Release|Any CPU.ActiveCfg = Release|Any CPU
		{B4725DE1-59A5-43F4-B899-E5C4BC87C4B9}.Release|Any CPU.Build.0 = Release|Any CPU
		{36B0220B-6970-4C29-85DD-90221A03C442}.Debug|Any CPU.ActiveCfg = Debug|Any CPU
		{36B0220B-6970-4C29-85DD-90221A03C442}.Debug|Any CPU.Build.0 = Debug|Any CPU
		{36B0220B-6970-4C29-85DD-90221A03C442}.Release|Any CPU.ActiveCfg = Release|Any CPU
		{36B0220B-6970-4C29-85DD-90221A03C442}.Release|Any CPU.Build.0 = Release|Any CPU
		{1893C7A4-E174-4BCB-A8D7-8BC21A6D3B01}.Debug|Any CPU.ActiveCfg = Debug|Any CPU
		{1893C7A4-E174-4BCB-A8D7-8BC21A6D3B01}.Debug|Any CPU.Build.0 = Debug|Any CPU
		{1893C7A4-E174-4BCB-A8D7-8BC21A6D3B01}.Release|Any CPU.ActiveCfg = Release|Any CPU
		{1893C7A4-E174-4BCB-A8D7-8BC21A6D3B01}.Release|Any CPU.Build.0 = Release|Any CPU
		{60B1A7FE-7700-4678-BBCF-452DE06B7E94}.Debug|Any CPU.ActiveCfg = Debug|Any CPU
		{60B1A7FE-7700-4678-BBCF-452DE06B7E94}.Debug|Any CPU.Build.0 = Debug|Any CPU
		{60B1A7FE-7700-4678-BBCF-452DE06B7E94}.Release|Any CPU.ActiveCfg = Release|Any CPU
		{60B1A7FE-7700-4678-BBCF-452DE06B7E94}.Release|Any CPU.Build.0 = Release|Any CPU
		{05D21AFB-07C9-46D4-9EDA-1EED798D5EAD}.Debug|Any CPU.ActiveCfg = Debug|Any CPU
		{05D21AFB-07C9-46D4-9EDA-1EED798D5EAD}.Debug|Any CPU.Build.0 = Debug|Any CPU
		{05D21AFB-07C9-46D4-9EDA-1EED798D5EAD}.Release|Any CPU.ActiveCfg = Release|Any CPU
		{05D21AFB-07C9-46D4-9EDA-1EED798D5EAD}.Release|Any CPU.Build.0 = Release|Any CPU
	EndGlobalSection
EndGlobal
